// !$*UTF8*$!
{
	archiveVersion = 1;
	classes = {
	};
	objectVersion = 56;
	objects = {

/* Begin PBXBuildFile section */
		C71813592C920DFA00788C2B /* TabBarView.swift in Sources */ = {isa = PBXBuildFile; fileRef = C71813582C920DFA00788C2B /* TabBarView.swift */; };
		C7419BFA2C9052A7006BA8AE /* DuelStats_MTGApp.swift in Sources */ = {isa = PBXBuildFile; fileRef = C7419BF92C9052A7006BA8AE /* DuelStats_MTGApp.swift */; };
		C7419BFE2C9052A9006BA8AE /* Assets.xcassets in Resources */ = {isa = PBXBuildFile; fileRef = C7419BFD2C9052A9006BA8AE /* Assets.xcassets */; };
		C7419C012C9052A9006BA8AE /* Preview Assets.xcassets in Resources */ = {isa = PBXBuildFile; fileRef = C7419C002C9052A9006BA8AE /* Preview Assets.xcassets */; };
		C7419C0E2C905309006BA8AE /* Matches.swift in Sources */ = {isa = PBXBuildFile; fileRef = C7419C0C2C905309006BA8AE /* Matches.swift */; };
		C7419C0F2C905309006BA8AE /* PlayerModel.swift in Sources */ = {isa = PBXBuildFile; fileRef = C7419C0D2C905309006BA8AE /* PlayerModel.swift */; };
		C7419C112C9053A1006BA8AE /* MainVM.swift in Sources */ = {isa = PBXBuildFile; fileRef = C7419C102C9053A1006BA8AE /* MainVM.swift */; };
		C7419C132C90573E006BA8AE /* SetpUpGame.swift in Sources */ = {isa = PBXBuildFile; fileRef = C7419C122C90573E006BA8AE /* SetpUpGame.swift */; };
		C7A74FCF2C90663C00DE2D4E /* ContainerModel.swift in Sources */ = {isa = PBXBuildFile; fileRef = C7A74FCE2C90663C00DE2D4E /* ContainerModel.swift */; };
		C7A74FD12C90A29300DE2D4E /* Enums.swift in Sources */ = {isa = PBXBuildFile; fileRef = C7A74FD02C90A29300DE2D4E /* Enums.swift */; };
		C7A74FD32C90B25C00DE2D4E /* AddPlayerSheet.swift in Sources */ = {isa = PBXBuildFile; fileRef = C7A74FD22C90B25C00DE2D4E /* AddPlayerSheet.swift */; };
		C7A74FD52C90CD9500DE2D4E /* InkeeperList.swift in Sources */ = {isa = PBXBuildFile; fileRef = C7A74FD42C90CD9500DE2D4E /* InkeeperList.swift */; };
		C7A74FDB2C91939F00DE2D4E /* AddDeckSheet.swift in Sources */ = {isa = PBXBuildFile; fileRef = C7A74FDA2C91939F00DE2D4E /* AddDeckSheet.swift */; };
		C7A74FDD2C91BBC200DE2D4E /* DecksInkeeperList.swift in Sources */ = {isa = PBXBuildFile; fileRef = C7A74FDC2C91BBC200DE2D4E /* DecksInkeeperList.swift */; };
		C7A74FDF2C91F7BF00DE2D4E /* MatchesPlayedView.swift in Sources */ = {isa = PBXBuildFile; fileRef = C7A74FDE2C91F7BF00DE2D4E /* MatchesPlayedView.swift */; };
		C7A74FE32C91FF2800DE2D4E /* MatchView.swift in Sources */ = {isa = PBXBuildFile; fileRef = C7A74FE22C91FF2800DE2D4E /* MatchView.swift */; };
		C7A74FE52C91FF9600DE2D4E /* MatchVM.swift in Sources */ = {isa = PBXBuildFile; fileRef = C7A74FE42C91FF9600DE2D4E /* MatchVM.swift */; };
/* End PBXBuildFile section */

/* Begin PBXFileReference section */
		C71813582C920DFA00788C2B /* TabBarView.swift */ = {isa = PBXFileReference; lastKnownFileType = sourcecode.swift; path = TabBarView.swift; sourceTree = "<group>"; };
		C7419BF62C9052A7006BA8AE /* DuelStats MTG.app */ = {isa = PBXFileReference; explicitFileType = wrapper.application; includeInIndex = 0; path = "DuelStats MTG.app"; sourceTree = BUILT_PRODUCTS_DIR; };
		C7419BF92C9052A7006BA8AE /* DuelStats_MTGApp.swift */ = {isa = PBXFileReference; lastKnownFileType = sourcecode.swift; path = DuelStats_MTGApp.swift; sourceTree = "<group>"; };
		C7419BFD2C9052A9006BA8AE /* Assets.xcassets */ = {isa = PBXFileReference; lastKnownFileType = folder.assetcatalog; path = Assets.xcassets; sourceTree = "<group>"; };
		C7419C002C9052A9006BA8AE /* Preview Assets.xcassets */ = {isa = PBXFileReference; lastKnownFileType = folder.assetcatalog; path = "Preview Assets.xcassets"; sourceTree = "<group>"; };
		C7419C0C2C905309006BA8AE /* Matches.swift */ = {isa = PBXFileReference; fileEncoding = 4; lastKnownFileType = sourcecode.swift; path = Matches.swift; sourceTree = "<group>"; };
		C7419C0D2C905309006BA8AE /* PlayerModel.swift */ = {isa = PBXFileReference; fileEncoding = 4; lastKnownFileType = sourcecode.swift; path = PlayerModel.swift; sourceTree = "<group>"; };
		C7419C102C9053A1006BA8AE /* MainVM.swift */ = {isa = PBXFileReference; lastKnownFileType = sourcecode.swift; path = MainVM.swift; sourceTree = "<group>"; };
		C7419C122C90573E006BA8AE /* SetpUpGame.swift */ = {isa = PBXFileReference; lastKnownFileType = sourcecode.swift; path = SetpUpGame.swift; sourceTree = "<group>"; };
		C7A74FCE2C90663C00DE2D4E /* ContainerModel.swift */ = {isa = PBXFileReference; lastKnownFileType = sourcecode.swift; path = ContainerModel.swift; sourceTree = "<group>"; };
		C7A74FD02C90A29300DE2D4E /* Enums.swift */ = {isa = PBXFileReference; lastKnownFileType = sourcecode.swift; path = Enums.swift; sourceTree = "<group>"; };
		C7A74FD22C90B25C00DE2D4E /* AddPlayerSheet.swift */ = {isa = PBXFileReference; lastKnownFileType = sourcecode.swift; path = AddPlayerSheet.swift; sourceTree = "<group>"; };
		C7A74FD42C90CD9500DE2D4E /* InkeeperList.swift */ = {isa = PBXFileReference; lastKnownFileType = sourcecode.swift; path = InkeeperList.swift; sourceTree = "<group>"; };
		C7A74FDA2C91939F00DE2D4E /* AddDeckSheet.swift */ = {isa = PBXFileReference; lastKnownFileType = sourcecode.swift; path = AddDeckSheet.swift; sourceTree = "<group>"; };
		C7A74FDC2C91BBC200DE2D4E /* DecksInkeeperList.swift */ = {isa = PBXFileReference; lastKnownFileType = sourcecode.swift; path = DecksInkeeperList.swift; sourceTree = "<group>"; };
		C7A74FDE2C91F7BF00DE2D4E /* MatchesPlayedView.swift */ = {isa = PBXFileReference; lastKnownFileType = sourcecode.swift; path = MatchesPlayedView.swift; sourceTree = "<group>"; };
		C7A74FE22C91FF2800DE2D4E /* MatchView.swift */ = {isa = PBXFileReference; lastKnownFileType = sourcecode.swift; path = MatchView.swift; sourceTree = "<group>"; };
		C7A74FE42C91FF9600DE2D4E /* MatchVM.swift */ = {isa = PBXFileReference; lastKnownFileType = sourcecode.swift; path = MatchVM.swift; sourceTree = "<group>"; };
/* End PBXFileReference section */

/* Begin PBXFrameworksBuildPhase section */
		C7419BF32C9052A7006BA8AE /* Frameworks */ = {
			isa = PBXFrameworksBuildPhase;
			buildActionMask = 2147483647;
			files = (
			);
			runOnlyForDeploymentPostprocessing = 0;
		};
/* End PBXFrameworksBuildPhase section */

/* Begin PBXGroup section */
		C7419BED2C9052A7006BA8AE = {
			isa = PBXGroup;
			children = (
				C7419BF82C9052A7006BA8AE /* DuelStats MTG */,
				C7419BF72C9052A7006BA8AE /* Products */,
			);
			sourceTree = "<group>";
		};
		C7419BF72C9052A7006BA8AE /* Products */ = {
			isa = PBXGroup;
			children = (
				C7419BF62C9052A7006BA8AE /* DuelStats MTG.app */,
			);
			name = Products;
			sourceTree = "<group>";
		};
		C7419BF82C9052A7006BA8AE /* DuelStats MTG */ = {
			isa = PBXGroup;
			children = (
				C7419BF92C9052A7006BA8AE /* DuelStats_MTGApp.swift */,
				C7419C072C9052B3006BA8AE /* Views */,
				C7419C082C9052B7006BA8AE /* VModels */,
				C7419C092C9052BE006BA8AE /* Models */,
				C7419C0A2C9052CA006BA8AE /* Network */,
				C7419BFD2C9052A9006BA8AE /* Assets.xcassets */,
				C7419BFF2C9052A9006BA8AE /* Preview Content */,
			);
			path = "DuelStats MTG";
			sourceTree = "<group>";
		};
		C7419BFF2C9052A9006BA8AE /* Preview Content */ = {
			isa = PBXGroup;
			children = (
				C7419C002C9052A9006BA8AE /* Preview Assets.xcassets */,
			);
			path = "Preview Content";
			sourceTree = "<group>";
		};
		C7419C072C9052B3006BA8AE /* Views */ = {
			isa = PBXGroup;
			children = (
				C71813582C920DFA00788C2B /* TabBarView.swift */,
				C7419C122C90573E006BA8AE /* SetpUpGame.swift */,
				C7A74FE22C91FF2800DE2D4E /* MatchView.swift */,
				C7A74FDE2C91F7BF00DE2D4E /* MatchesPlayedView.swift */,
				C7419C0B2C9052E4006BA8AE /* Components */,
			);
			path = Views;
			sourceTree = "<group>";
		};
		C7419C082C9052B7006BA8AE /* VModels */ = {
			isa = PBXGroup;
			children = (
				C7419C102C9053A1006BA8AE /* MainVM.swift */,
				C7A74FE42C91FF9600DE2D4E /* MatchVM.swift */,
			);
			path = VModels;
			sourceTree = "<group>";
		};
		C7419C092C9052BE006BA8AE /* Models */ = {
			isa = PBXGroup;
			children = (
				C7A74FCE2C90663C00DE2D4E /* ContainerModel.swift */,
				C7419C0C2C905309006BA8AE /* Matches.swift */,
				C7419C0D2C905309006BA8AE /* PlayerModel.swift */,
				C7A74FD02C90A29300DE2D4E /* Enums.swift */,
			);
			path = Models;
			sourceTree = "<group>";
		};
		C7419C0A2C9052CA006BA8AE /* Network */ = {
			isa = PBXGroup;
			children = (
			);
			path = Network;
			sourceTree = "<group>";
		};
		C7419C0B2C9052E4006BA8AE /* Components */ = {
			isa = PBXGroup;
			children = (
				C7A74FD42C90CD9500DE2D4E /* InkeeperList.swift */,
				C7A74FDC2C91BBC200DE2D4E /* DecksInkeeperList.swift */,
				C7A74FD22C90B25C00DE2D4E /* AddPlayerSheet.swift */,
				C7A74FDA2C91939F00DE2D4E /* AddDeckSheet.swift */,
			);
			path = Components;
			sourceTree = "<group>";
		};
/* End PBXGroup section */

/* Begin PBXNativeTarget section */
		C7419BF52C9052A7006BA8AE /* DuelStats MTG */ = {
			isa = PBXNativeTarget;
			buildConfigurationList = C7419C042C9052A9006BA8AE /* Build configuration list for PBXNativeTarget "DuelStats MTG" */;
			buildPhases = (
				C7419BF22C9052A7006BA8AE /* Sources */,
				C7419BF32C9052A7006BA8AE /* Frameworks */,
				C7419BF42C9052A7006BA8AE /* Resources */,
			);
			buildRules = (
			);
			dependencies = (
			);
			name = "DuelStats MTG";
			productName = "DuelStats MTG";
			productReference = C7419BF62C9052A7006BA8AE /* DuelStats MTG.app */;
			productType = "com.apple.product-type.application";
		};
/* End PBXNativeTarget section */

/* Begin PBXProject section */
		C7419BEE2C9052A7006BA8AE /* Project object */ = {
			isa = PBXProject;
			attributes = {
				BuildIndependentTargetsInParallel = 1;
				LastSwiftUpdateCheck = 1540;
				LastUpgradeCheck = 1540;
				TargetAttributes = {
					C7419BF52C9052A7006BA8AE = {
						CreatedOnToolsVersion = 15.4;
					};
				};
			};
			buildConfigurationList = C7419BF12C9052A7006BA8AE /* Build configuration list for PBXProject "DuelStats MTG" */;
			compatibilityVersion = "Xcode 14.0";
			developmentRegion = en;
			hasScannedForEncodings = 0;
			knownRegions = (
				en,
				Base,
			);
			mainGroup = C7419BED2C9052A7006BA8AE;
			productRefGroup = C7419BF72C9052A7006BA8AE /* Products */;
			projectDirPath = "";
			projectRoot = "";
			targets = (
				C7419BF52C9052A7006BA8AE /* DuelStats MTG */,
			);
		};
/* End PBXProject section */

/* Begin PBXResourcesBuildPhase section */
		C7419BF42C9052A7006BA8AE /* Resources */ = {
			isa = PBXResourcesBuildPhase;
			buildActionMask = 2147483647;
			files = (
				C7419C012C9052A9006BA8AE /* Preview Assets.xcassets in Resources */,
				C7419BFE2C9052A9006BA8AE /* Assets.xcassets in Resources */,
			);
			runOnlyForDeploymentPostprocessing = 0;
		};
/* End PBXResourcesBuildPhase section */

/* Begin PBXSourcesBuildPhase section */
		C7419BF22C9052A7006BA8AE /* Sources */ = {
			isa = PBXSourcesBuildPhase;
			buildActionMask = 2147483647;
			files = (
				C7419C132C90573E006BA8AE /* SetpUpGame.swift in Sources */,
				C7A74FE32C91FF2800DE2D4E /* MatchView.swift in Sources */,
				C7A74FDB2C91939F00DE2D4E /* AddDeckSheet.swift in Sources */,
				C7A74FCF2C90663C00DE2D4E /* ContainerModel.swift in Sources */,
				C7A74FE52C91FF9600DE2D4E /* MatchVM.swift in Sources */,
				C7419C112C9053A1006BA8AE /* MainVM.swift in Sources */,
				C7419C0E2C905309006BA8AE /* Matches.swift in Sources */,
				C7419C0F2C905309006BA8AE /* PlayerModel.swift in Sources */,
				C7A74FD52C90CD9500DE2D4E /* InkeeperList.swift in Sources */,
				C7A74FD32C90B25C00DE2D4E /* AddPlayerSheet.swift in Sources */,
				C7A74FD12C90A29300DE2D4E /* Enums.swift in Sources */,
				C7A74FDF2C91F7BF00DE2D4E /* MatchesPlayedView.swift in Sources */,
				C7419BFA2C9052A7006BA8AE /* DuelStats_MTGApp.swift in Sources */,
				C71813592C920DFA00788C2B /* TabBarView.swift in Sources */,
				C7A74FDD2C91BBC200DE2D4E /* DecksInkeeperList.swift in Sources */,
			);
			runOnlyForDeploymentPostprocessing = 0;
		};
/* End PBXSourcesBuildPhase section */

/* Begin XCBuildConfiguration section */
		C7419C022C9052A9006BA8AE /* Debug */ = {
			isa = XCBuildConfiguration;
			buildSettings = {
				ALWAYS_SEARCH_USER_PATHS = NO;
				ASSETCATALOG_COMPILER_GENERATE_SWIFT_ASSET_SYMBOL_EXTENSIONS = YES;
				CLANG_ANALYZER_NONNULL = YES;
				CLANG_ANALYZER_NUMBER_OBJECT_CONVERSION = YES_AGGRESSIVE;
				CLANG_CXX_LANGUAGE_STANDARD = "gnu++20";
				CLANG_ENABLE_MODULES = YES;
				CLANG_ENABLE_OBJC_ARC = YES;
				CLANG_ENABLE_OBJC_WEAK = YES;
				CLANG_WARN_BLOCK_CAPTURE_AUTORELEASING = YES;
				CLANG_WARN_BOOL_CONVERSION = YES;
				CLANG_WARN_COMMA = YES;
				CLANG_WARN_CONSTANT_CONVERSION = YES;
				CLANG_WARN_DEPRECATED_OBJC_IMPLEMENTATIONS = YES;
				CLANG_WARN_DIRECT_OBJC_ISA_USAGE = YES_ERROR;
				CLANG_WARN_DOCUMENTATION_COMMENTS = YES;
				CLANG_WARN_EMPTY_BODY = YES;
				CLANG_WARN_ENUM_CONVERSION = YES;
				CLANG_WARN_INFINITE_RECURSION = YES;
				CLANG_WARN_INT_CONVERSION = YES;
				CLANG_WARN_NON_LITERAL_NULL_CONVERSION = YES;
				CLANG_WARN_OBJC_IMPLICIT_RETAIN_SELF = YES;
				CLANG_WARN_OBJC_LITERAL_CONVERSION = YES;
				CLANG_WARN_OBJC_ROOT_CLASS = YES_ERROR;
				CLANG_WARN_QUOTED_INCLUDE_IN_FRAMEWORK_HEADER = YES;
				CLANG_WARN_RANGE_LOOP_ANALYSIS = YES;
				CLANG_WARN_STRICT_PROTOTYPES = YES;
				CLANG_WARN_SUSPICIOUS_MOVE = YES;
				CLANG_WARN_UNGUARDED_AVAILABILITY = YES_AGGRESSIVE;
				CLANG_WARN_UNREACHABLE_CODE = YES;
				CLANG_WARN__DUPLICATE_METHOD_MATCH = YES;
				COPY_PHASE_STRIP = NO;
				DEBUG_INFORMATION_FORMAT = dwarf;
				ENABLE_STRICT_OBJC_MSGSEND = YES;
				ENABLE_TESTABILITY = YES;
				ENABLE_USER_SCRIPT_SANDBOXING = YES;
				GCC_C_LANGUAGE_STANDARD = gnu17;
				GCC_DYNAMIC_NO_PIC = NO;
				GCC_NO_COMMON_BLOCKS = YES;
				GCC_OPTIMIZATION_LEVEL = 0;
				GCC_PREPROCESSOR_DEFINITIONS = (
					"DEBUG=1",
					"$(inherited)",
				);
				GCC_WARN_64_TO_32_BIT_CONVERSION = YES;
				GCC_WARN_ABOUT_RETURN_TYPE = YES_ERROR;
				GCC_WARN_UNDECLARED_SELECTOR = YES;
				GCC_WARN_UNINITIALIZED_AUTOS = YES_AGGRESSIVE;
				GCC_WARN_UNUSED_FUNCTION = YES;
				GCC_WARN_UNUSED_VARIABLE = YES;
				IPHONEOS_DEPLOYMENT_TARGET = 17.5;
				LOCALIZATION_PREFERS_STRING_CATALOGS = YES;
				MTL_ENABLE_DEBUG_INFO = INCLUDE_SOURCE;
				MTL_FAST_MATH = YES;
				ONLY_ACTIVE_ARCH = YES;
				SDKROOT = iphoneos;
				SWIFT_ACTIVE_COMPILATION_CONDITIONS = "DEBUG $(inherited)";
				SWIFT_OPTIMIZATION_LEVEL = "-Onone";
			};
			name = Debug;
		};
		C7419C032C9052A9006BA8AE /* Release */ = {
			isa = XCBuildConfiguration;
			buildSettings = {
				ALWAYS_SEARCH_USER_PATHS = NO;
				ASSETCATALOG_COMPILER_GENERATE_SWIFT_ASSET_SYMBOL_EXTENSIONS = YES;
				CLANG_ANALYZER_NONNULL = YES;
				CLANG_ANALYZER_NUMBER_OBJECT_CONVERSION = YES_AGGRESSIVE;
				CLANG_CXX_LANGUAGE_STANDARD = "gnu++20";
				CLANG_ENABLE_MODULES = YES;
				CLANG_ENABLE_OBJC_ARC = YES;
				CLANG_ENABLE_OBJC_WEAK = YES;
				CLANG_WARN_BLOCK_CAPTURE_AUTORELEASING = YES;
				CLANG_WARN_BOOL_CONVERSION = YES;
				CLANG_WARN_COMMA = YES;
				CLANG_WARN_CONSTANT_CONVERSION = YES;
				CLANG_WARN_DEPRECATED_OBJC_IMPLEMENTATIONS = YES;
				CLANG_WARN_DIRECT_OBJC_ISA_USAGE = YES_ERROR;
				CLANG_WARN_DOCUMENTATION_COMMENTS = YES;
				CLANG_WARN_EMPTY_BODY = YES;
				CLANG_WARN_ENUM_CONVERSION = YES;
				CLANG_WARN_INFINITE_RECURSION = YES;
				CLANG_WARN_INT_CONVERSION = YES;
				CLANG_WARN_NON_LITERAL_NULL_CONVERSION = YES;
				CLANG_WARN_OBJC_IMPLICIT_RETAIN_SELF = YES;
				CLANG_WARN_OBJC_LITERAL_CONVERSION = YES;
				CLANG_WARN_OBJC_ROOT_CLASS = YES_ERROR;
				CLANG_WARN_QUOTED_INCLUDE_IN_FRAMEWORK_HEADER = YES;
				CLANG_WARN_RANGE_LOOP_ANALYSIS = YES;
				CLANG_WARN_STRICT_PROTOTYPES = YES;
				CLANG_WARN_SUSPICIOUS_MOVE = YES;
				CLANG_WARN_UNGUARDED_AVAILABILITY = YES_AGGRESSIVE;
				CLANG_WARN_UNREACHABLE_CODE = YES;
				CLANG_WARN__DUPLICATE_METHOD_MATCH = YES;
				COPY_PHASE_STRIP = NO;
				DEBUG_INFORMATION_FORMAT = "dwarf-with-dsym";
				ENABLE_NS_ASSERTIONS = NO;
				ENABLE_STRICT_OBJC_MSGSEND = YES;
				ENABLE_USER_SCRIPT_SANDBOXING = YES;
				GCC_C_LANGUAGE_STANDARD = gnu17;
				GCC_NO_COMMON_BLOCKS = YES;
				GCC_WARN_64_TO_32_BIT_CONVERSION = YES;
				GCC_WARN_ABOUT_RETURN_TYPE = YES_ERROR;
				GCC_WARN_UNDECLARED_SELECTOR = YES;
				GCC_WARN_UNINITIALIZED_AUTOS = YES_AGGRESSIVE;
				GCC_WARN_UNUSED_FUNCTION = YES;
				GCC_WARN_UNUSED_VARIABLE = YES;
				IPHONEOS_DEPLOYMENT_TARGET = 17.5;
				LOCALIZATION_PREFERS_STRING_CATALOGS = YES;
				MTL_ENABLE_DEBUG_INFO = NO;
				MTL_FAST_MATH = YES;
				SDKROOT = iphoneos;
				SWIFT_COMPILATION_MODE = wholemodule;
				VALIDATE_PRODUCT = YES;
			};
			name = Release;
		};
		C7419C052C9052A9006BA8AE /* Debug */ = {
			isa = XCBuildConfiguration;
			buildSettings = {
				ASSETCATALOG_COMPILER_APPICON_NAME = AppIcon;
				ASSETCATALOG_COMPILER_GLOBAL_ACCENT_COLOR_NAME = AccentColor;
				CODE_SIGN_STYLE = Automatic;
				CURRENT_PROJECT_VERSION = 1;
				DEVELOPMENT_ASSET_PATHS = "\"DuelStats MTG/Preview Content\"";
				DEVELOPMENT_TEAM = 72CAUS7668;
				ENABLE_PREVIEWS = YES;
				GENERATE_INFOPLIST_FILE = YES;
				INFOPLIST_KEY_UIApplicationSceneManifest_Generation = YES;
				INFOPLIST_KEY_UIApplicationSupportsIndirectInputEvents = YES;
				INFOPLIST_KEY_UILaunchScreen_Generation = YES;
				INFOPLIST_KEY_UISupportedInterfaceOrientations_iPad = "UIInterfaceOrientationPortrait UIInterfaceOrientationPortraitUpsideDown UIInterfaceOrientationLandscapeLeft UIInterfaceOrientationLandscapeRight";
				INFOPLIST_KEY_UISupportedInterfaceOrientations_iPhone = "UIInterfaceOrientationPortrait UIInterfaceOrientationLandscapeLeft UIInterfaceOrientationLandscapeRight";
				LD_RUNPATH_SEARCH_PATHS = (
					"$(inherited)",
					"@executable_path/Frameworks",
				);
				MARKETING_VERSION = 1.0;
				PRODUCT_BUNDLE_IDENTIFIER = "com.AlvsiOSdev.DuelStats-MTG";
				PRODUCT_NAME = "$(TARGET_NAME)";
				SWIFT_EMIT_LOC_STRINGS = YES;
				SWIFT_VERSION = 5.0;
				TARGETED_DEVICE_FAMILY = "1,2";
			};
			name = Debug;
		};
		C7419C062C9052A9006BA8AE /* Release */ = {
			isa = XCBuildConfiguration;
			buildSettings = {
				ASSETCATALOG_COMPILER_APPICON_NAME = AppIcon;
				ASSETCATALOG_COMPILER_GLOBAL_ACCENT_COLOR_NAME = AccentColor;
				CODE_SIGN_STYLE = Automatic;
				CURRENT_PROJECT_VERSION = 1;
				DEVELOPMENT_ASSET_PATHS = "\"DuelStats MTG/Preview Content\"";
				DEVELOPMENT_TEAM = 72CAUS7668;
				ENABLE_PREVIEWS = YES;
				GENERATE_INFOPLIST_FILE = YES;
				INFOPLIST_KEY_UIApplicationSceneManifest_Generation = YES;
				INFOPLIST_KEY_UIApplicationSupportsIndirectInputEvents = YES;
				INFOPLIST_KEY_UILaunchScreen_Generation = YES;
				INFOPLIST_KEY_UISupportedInterfaceOrientations_iPad = "UIInterfaceOrientationPortrait UIInterfaceOrientationPortraitUpsideDown UIInterfaceOrientationLandscapeLeft UIInterfaceOrientationLandscapeRight";
				INFOPLIST_KEY_UISupportedInterfaceOrientations_iPhone = "UIInterfaceOrientationPortrait UIInterfaceOrientationLandscapeLeft UIInterfaceOrientationLandscapeRight";
				LD_RUNPATH_SEARCH_PATHS = (
					"$(inherited)",
					"@executable_path/Frameworks",
				);
				MARKETING_VERSION = 1.0;
				PRODUCT_BUNDLE_IDENTIFIER = "com.AlvsiOSdev.DuelStats-MTG";
				PRODUCT_NAME = "$(TARGET_NAME)";
				SWIFT_EMIT_LOC_STRINGS = YES;
				SWIFT_VERSION = 5.0;
				TARGETED_DEVICE_FAMILY = "1,2";
			};
			name = Release;
		};
/* End XCBuildConfiguration section */

/* Begin XCConfigurationList section */
		C7419BF12C9052A7006BA8AE /* Build configuration list for PBXProject "DuelStats MTG" */ = {
			isa = XCConfigurationList;
			buildConfigurations = (
				C7419C022C9052A9006BA8AE /* Debug */,
				C7419C032C9052A9006BA8AE /* Release */,
			);
			defaultConfigurationIsVisible = 0;
			defaultConfigurationName = Release;
		};
		C7419C042C9052A9006BA8AE /* Build configuration list for PBXNativeTarget "DuelStats MTG" */ = {
			isa = XCConfigurationList;
			buildConfigurations = (
				C7419C052C9052A9006BA8AE /* Debug */,
				C7419C062C9052A9006BA8AE /* Release */,
			);
			defaultConfigurationIsVisible = 0;
			defaultConfigurationName = Release;
		};
/* End XCConfigurationList section */
	};
	rootObject = C7419BEE2C9052A7006BA8AE /* Project object */;
}
